
Microsoft Visual Studio Solution File, Format Version 12.00
# Visual Studio Version 17
VisualStudioVersion = 17.3.32922.545
MinimumVisualStudioVersion = 10.0.40219.1
Project("{9A19103F-16F7-4668-BE54-9A1E7A4F7556}") = "Day1Task1", "Day1Task1\Day1Task1.csproj", "{605B9030-CCBB-4C6F-977C-A67EDCBE49F0}"
EndProject
Project("{9A19103F-16F7-4668-BE54-9A1E7A4F7556}") = "Day1Task2", "Day1Task2\Day1Task2.csproj", "{9ADEE5CD-6792-4134-A993-35C7A1AC4020}"
EndProject
Project("{9A19103F-16F7-4668-BE54-9A1E7A4F7556}") = "Day2Task1", "Day2Task1\Day2Task1.csproj", "{1D4BF361-3882-48BE-8E71-7C6B59CA5280}"
EndProject
Project("{FAE04EC0-301F-11D3-BF4B-00C04F79EFBC}") = "Day2Task2", "Day2Task2\Day2Task2.csproj", "{264EC500-6453-4808-BB14-EBC1E0B21507}"
EndProject
Global
	GlobalSection(SolutionConfigurationPlatforms) = preSolution
		Debug|Any CPU = Debug|Any CPU
		Release|Any CPU = Release|Any CPU
	EndGlobalSection
	GlobalSection(ProjectConfigurationPlatforms) = postSolution
		{605B9030-CCBB-4C6F-977C-A67EDCBE49F0}.Debug|Any CPU.ActiveCfg = Debug|Any CPU
		{605B9030-CCBB-4C6F-977C-A67EDCBE49F0}.Debug|Any CPU.Build.0 = Debug|Any CPU
		{605B9030-CCBB-4C6F-977C-A67EDCBE49F0}.Release|Any CPU.ActiveCfg = Release|Any CPU
		{605B9030-CCBB-4C6F-977C-A67EDCBE49F0}.Release|Any CPU.Build.0 = Release|Any CPU
		{9ADEE5CD-6792-4134-A993-35C7A1AC4020}.Debug|Any CPU.ActiveCfg = Debug|Any CPU
		{9ADEE5CD-6792-4134-A993-35C7A1AC4020}.Debug|Any CPU.Build.0 = Debug|Any CPU
		{9ADEE5CD-6792-4134-A993-35C7A1AC4020}.Release|Any CPU.ActiveCfg = Release|Any CPU
		{9ADEE5CD-6792-4134-A993-35C7A1AC4020}.Release|Any CPU.Build.0 = Release|Any CPU
		{1D4BF361-3882-48BE-8E71-7C6B59CA5280}.Debug|Any CPU.ActiveCfg = Debug|Any CPU
		{1D4BF361-3882-48BE-8E71-7C6B59CA5280}.Debug|Any CPU.Build.0 = Debug|Any CPU
		{1D4BF361-3882-48BE-8E71-7C6B59CA5280}.Release|Any CPU.ActiveCfg = Release|Any CPU
		{1D4BF361-3882-48BE-8E71-7C6B59CA5280}.Release|Any CPU.Build.0 = Release|Any CPU
		{264EC500-6453-4808-BB14-EBC1E0B21507}.Debug|Any CPU.ActiveCfg = Debug|Any CPU
		{264EC500-6453-4808-BB14-EBC1E0B21507}.Debug|Any CPU.Build.0 = Debug|Any CPU
		{264EC500-6453-4808-BB14-EBC1E0B21507}.Release|Any CPU.ActiveCfg = Release|Any CPU
		{264EC500-6453-4808-BB14-EBC1E0B21507}.Release|Any CPU.Build.0 = Release|Any CPU
	EndGlobalSection
	GlobalSection(SolutionProperties) = preSolution
		HideSolutionNode = FALSE
	EndGlobalSection
	GlobalSection(ExtensibilityGlobals) = postSolution
		SolutionGuid = {7DDEC870-BFDD-454D-8F06-1BC699DCB610}
	EndGlobalSection
EndGlobal
